
Microsoft Visual Studio Solution File, Format Version 12.00
# Visual Studio Version 16
VisualStudioVersion = 16.0.31105.61
MinimumVisualStudioVersion = 10.0.40219.1
Project("{9A19103F-16F7-4668-BE54-9A1E7A4F7556}") = "FassasInvoicingLibrary", "FassasInvoicingLibrary\FassasInvoicingLibrary.csproj", "{B36E7753-060A-4629-809D-412EF9065A84}"
EndProject
Project("{FAE04EC0-301F-11D3-BF4B-00C04F79EFBC}") = "FassasInvoicingUI", "FassasInvoicingUI\FassasInvoicingUI.csproj", "{4794E18C-5C40-411A-9A4C-C13D559C77CF}"
EndProject
Global
	GlobalSection(SolutionConfigurationPlatforms) = preSolution
		Debug|Any CPU = Debug|Any CPU
		Release|Any CPU = Release|Any CPU
	EndGlobalSection
	GlobalSection(ProjectConfigurationPlatforms) = postSolution
		{B36E7753-060A-4629-809D-412EF9065A84}.Debug|Any CPU.ActiveCfg = Debug|Any CPU
		{B36E7753-060A-4629-809D-412EF9065A84}.Debug|Any CPU.Build.0 = Debug|Any CPU
		{B36E7753-060A-4629-809D-412EF9065A84}.Release|Any CPU.ActiveCfg = Release|Any CPU
		{B36E7753-060A-4629-809D-412EF9065A84}.Release|Any CPU.Build.0 = Release|Any CPU
		{4794E18C-5C40-411A-9A4C-C13D559C77CF}.Debug|Any CPU.ActiveCfg = Debug|Any CPU
		{4794E18C-5C40-411A-9A4C-C13D559C77CF}.Debug|Any CPU.Build.0 = Debug|Any CPU
		{4794E18C-5C40-411A-9A4C-C13D559C77CF}.Release|Any CPU.ActiveCfg = Release|Any CPU
		{4794E18C-5C40-411A-9A4C-C13D559C77CF}.Release|Any CPU.Build.0 = Release|Any CPU
	EndGlobalSection
	GlobalSection(SolutionProperties) = preSolution
		HideSolutionNode = FALSE
	EndGlobalSection
	GlobalSection(ExtensibilityGlobals) = postSolution
		SolutionGuid = {65CA9968-0C62-4939-A9CE-8B0A378D2952}
	EndGlobalSection
EndGlobal
